<?xml version="1.0" encoding="UTF-8"?>
<!DOCTYPE plist PUBLIC "-//Apple//DTD PLIST 1.0//EN" "http://www.apple.com/DTDs/PropertyList-1.0.dtd">
<plist version="1.0">
<dict>
	<key>archiveVersion</key>
	<string>1</string>
	<key>classes</key>
	<dict/>
	<key>objectVersion</key>
	<string>46</string>
	<key>objects</key>
	<dict>
		<key>017D5F5E5968490032E085A7</key>
		<dict>
			<key>fileRef</key>
			<string>29A3F6459CB00F1F7F2D891C</string>
			<key>isa</key>
			<string>PBXBuildFile</string>
		</dict>
		<key>0948BB391CFE880400063840</key>
		<dict>
			<key>isa</key>
			<string>PBXFileReference</string>
			<key>lastKnownFileType</key>
			<string>wrapper.framework</string>
			<key>path</key>
			<string>CrashMaster.framework</string>
			<key>sourceTree</key>
			<string>&lt;group&gt;</string>
		</dict>
		<key>0948BB3A1CFE880400063840</key>
		<dict>
			<key>fileRef</key>
			<string>0948BB391CFE880400063840</string>
			<key>isa</key>
			<string>PBXBuildFile</string>
		</dict>
		<key>0948BB3B1CFE8BE800063840</key>
		<dict>
			<key>fileRef</key>
			<string>0948BB391CFE880400063840</string>
			<key>isa</key>
			<string>PBXBuildFile</string>
		</dict>
		<key>13E5839EA3B70AD6E22D6A6E</key>
		<dict>
			<key>fileEncoding</key>
			<string>4</string>
			<key>isa</key>
			<string>PBXFileReference</string>
			<key>lastKnownFileType</key>
			<string>wrapper.framework</string>
			<key>name</key>
			<string>MapKit.framework</string>
			<key>path</key>
			<string>System/Library/Frameworks/MapKit.framework</string>
			<key>sourceTree</key>
			<string>SDKROOT</string>
		</dict>
		<key>15C4F2C5EE183C5AB71306B8</key>
		<dict>
			<key>fileRef</key>
			<string>2EC964091C0AE9B77D152F1A</string>
			<key>isa</key>
			<string>PBXBuildFile</string>
		</dict>
		<key>17434A46C9F2F1F44CF366C1</key>
		<dict>
			<key>fileRef</key>
			<string>C1C1584270ECF4C8CCDCB273</string>
			<key>isa</key>
			<string>PBXBuildFile</string>
		</dict>
		<key>21A179BE1D61ABD800E86E68</key>
		<dict>
			<key>fileRef</key>
			<string>21A179BD1D61ABD800E86E68</string>
			<key>isa</key>
			<string>PBXBuildFile</string>
		</dict>
		<key>2294542F3C38CF92F5305C76</key>
		<dict>
			<key>fileEncoding</key>
			<string>4</string>
			<key>isa</key>
			<string>PBXFileReference</string>
			<key>lastKnownFileType</key>
			<string>wrapper.framework</string>
			<key>name</key>
			<string>CFNetWork.framework</string>
			<key>path</key>
			<string>System/Library/Frameworks/CFNetWork.framework</string>
			<key>sourceTree</key>
			<string>SDKROOT</string>
		</dict>
		<key>29A3F6459CB00F1F7F2D891C</key>
		<dict>
			<key>fileEncoding</key>
			<string>4</string>
			<key>isa</key>
			<string>PBXFileReference</string>
			<key>lastKnownFileType</key>
			<string>archive.ar</string>
			<key>name</key>
			<string>libz.tbd</string>
			<key>path</key>
			<string>usr/lib/libz.tbd</string>
			<key>sourceTree</key>
			<string>SDKROOT</string>
		</dict>
		<key>29E1C59FBB309A95B2062821</key>
		<dict>
			<key>fileRef</key>
			<string>A47D12E7D55628160BB1ACDF</string>
			<key>isa</key>
			<string>PBXBuildFile</string>
		</dict>
		<key>2C31BC815016E01C72DF1E7B</key>
		<dict>
			<key>fileRef</key>
			<string>545C4E43E8E940F1FD9B728C</string>
			<key>isa</key>
			<string>PBXBuildFile</string>
		</dict>
		<key>2EC964091C0AE9B77D152F1A</key>
		<dict>
			<key>fileEncoding</key>
			<string>4</string>
			<key>isa</key>
			<string>PBXFileReference</string>
			<key>lastKnownFileType</key>
			<string>wrapper.framework</string>
			<key>name</key>
			<string>AudioToolbox.framework</string>
			<key>path</key>
			<string>System/Library/Frameworks/AudioToolbox.framework</string>
			<key>sourceTree</key>
			<string>SDKROOT</string>
		</dict>
		<key>348A13496C9D60687223CD8E</key>
		<dict>
			<key>fileEncoding</key>
			<string>4</string>
			<key>isa</key>
			<string>PBXFileReference</string>
			<key>lastKnownFileType</key>
			<string>text.plist.strings</string>
			<key>name</key>
			<string>info.plist</string>
			<key>path</key>
			<string>../../../AppCanPluginTools-iOS/resource/IDEPluginProjectPackageResource/info.plist</string>
			<key>sourceTree</key>
			<string>&lt;group&gt;</string>
		</dict>
		<key>43C7C960DF6E4FD6041C8200</key>
		<dict>
			<key>fileRef</key>
			<string>C885DBF7770B6E53D5B9897C</string>
			<key>isa</key>
			<string>PBXBuildFile</string>
		</dict>
		<key>4CCEC8A463AE4CB04FE112E9</key>
		<dict>
			<key>fileEncoding</key>
			<string>4</string>
			<key>isa</key>
			<string>PBXFileReference</string>
			<key>lastKnownFileType</key>
			<string>wrapper.framework</string>
			<key>name</key>
			<string>QuartzCore.framework</string>
			<key>path</key>
			<string>System/Library/Frameworks/QuartzCore.framework</string>
			<key>sourceTree</key>
			<string>SDKROOT</string>
		</dict>
		<key>4E3D61D1D2DB6A657E709769</key>
		<dict>
			<key>fileRef</key>
			<string>8A0C7F21E56FF4267131F005</string>
			<key>isa</key>
			<string>PBXBuildFile</string>
		</dict>
		<key>545C4E43E8E940F1FD9B728C</key>
		<dict>
			<key>fileEncoding</key>
			<string>4</string>
			<key>isa</key>
			<string>PBXFileReference</string>
			<key>lastKnownFileType</key>
			<string>archive.ar</string>
			<key>name</key>
			<string>libstdc++.tbd</string>
			<key>path</key>
			<string>usr/lib/libstdc++.tbd</string>
			<key>sourceTree</key>
			<string>SDKROOT</string>
		</dict>
		<key>6FACBDF262E9EACF25F6AF69</key>
		<dict>
			<key>children</key>
			<array>
				<string>13E5839EA3B70AD6E22D6A6E</string>
				<string>2EC964091C0AE9B77D152F1A</string>
				<string>DACF6FA5F57F4C5E8AEC6F6D</string>
				<string>FC440A789EBD6E5678678B82</string>
				<string>2294542F3C38CF92F5305C76</string>
				<string>C885DBF7770B6E53D5B9897C</string>
				<string>C1C1584270ECF4C8CCDCB273</string>
				<string>DAA480C5A3C3DFBA6F00F295</string>
				<string>4CCEC8A463AE4CB04FE112E9</string>
				<string>CA046B21F8C2B5CD00872D61</string>
				<string>82D64B1FF522FB4AF90CD0F6</string>
				<string>E17D59A6BD1B316F1C115EA5</string>
				<string>7D131FD48C95CBEB09CB006F</string>
				<string>F6DD5D47DE6CA49DDEF0BE32</string>
				<string>8A0C7F21E56FF4267131F005</string>
				<string>752BA6A49F2CE8A3FBB6A403</string>
				<string>906DC263390A14EE878D44CE</string>
				<string>545C4E43E8E940F1FD9B728C</string>
				<string>A47D12E7D55628160BB1ACDF</string>
				<string>29A3F6459CB00F1F7F2D891C</string>
			</array>
			<key>isa</key>
			<string>PBXGroup</string>
			<key>path</key>
			<string>IDE-Frameworks</string>
			<key>sourceTree</key>
			<string>&lt;group&gt;</string>
		</dict>
		<key>752BA6A49F2CE8A3FBB6A403</key>
		<dict>
			<key>fileEncoding</key>
			<string>4</string>
			<key>isa</key>
			<string>PBXFileReference</string>
			<key>lastKnownFileType</key>
			<string>wrapper.framework</string>
			<key>name</key>
			<string>CoreTelephony.framework</string>
			<key>path</key>
			<string>System/Library/Frameworks/CoreTelephony.framework</string>
			<key>sourceTree</key>
			<string>SDKROOT</string>
		</dict>
		<key>7D131FD48C95CBEB09CB006F</key>
		<dict>
			<key>fileEncoding</key>
			<string>4</string>
			<key>isa</key>
			<string>PBXFileReference</string>
			<key>lastKnownFileType</key>
			<string>wrapper.framework</string>
			<key>name</key>
			<string>Accelerate.framework</string>
			<key>path</key>
			<string>System/Library/Frameworks/Accelerate.framework</string>
			<key>sourceTree</key>
			<string>SDKROOT</string>
		</dict>
		<key>81F63B69B1F0DB29696AACA5</key>
		<dict>
			<key>fileRef</key>
			<string>E17D59A6BD1B316F1C115EA5</string>
			<key>isa</key>
			<string>PBXBuildFile</string>
		</dict>
		<key>82D64B1FF522FB4AF90CD0F6</key>
		<dict>
			<key>fileEncoding</key>
			<string>4</string>
			<key>isa</key>
			<string>PBXFileReference</string>
			<key>lastKnownFileType</key>
			<string>wrapper.framework</string>
			<key>name</key>
			<string>CoreLocation.framework</string>
			<key>path</key>
			<string>System/Library/Frameworks/CoreLocation.framework</string>
			<key>sourceTree</key>
			<string>SDKROOT</string>
		</dict>
		<key>8568DF6F4625E48D6C6FB852</key>
		<dict>
			<key>fileRef</key>
			<string>DACF6FA5F57F4C5E8AEC6F6D</string>
			<key>isa</key>
			<string>PBXBuildFile</string>
		</dict>
		<key>85D05F7BC9191F7D72728A01</key>
		<dict>
			<key>fileRef</key>
			<string>7D131FD48C95CBEB09CB006F</string>
			<key>isa</key>
			<string>PBXBuildFile</string>
		</dict>
		<key>8A0C7F21E56FF4267131F005</key>
		<dict>
			<key>fileEncoding</key>
			<string>4</string>
			<key>isa</key>
			<string>PBXFileReference</string>
			<key>lastKnownFileType</key>
			<string>wrapper.framework</string>
			<key>name</key>
			<string>CoreMotion.framework</string>
			<key>path</key>
			<string>System/Library/Frameworks/CoreMotion.framework</string>
			<key>sourceTree</key>
			<string>SDKROOT</string>
		</dict>
		<key>906DC263390A14EE878D44CE</key>
		<dict>
			<key>fileEncoding</key>
			<string>4</string>
			<key>isa</key>
			<string>PBXFileReference</string>
			<key>lastKnownFileType</key>
			<string>archive.ar</string>
			<key>name</key>
			<string>libc++.tbd</string>
			<key>path</key>
			<string>usr/lib/libc++.tbd</string>
			<key>sourceTree</key>
			<string>SDKROOT</string>
		</dict>
		<key>A47D12E7D55628160BB1ACDF</key>
		<dict>
			<key>fileEncoding</key>
			<string>4</string>
			<key>isa</key>
			<string>PBXFileReference</string>
			<key>lastKnownFileType</key>
			<string>archive.ar</string>
			<key>name</key>
			<string>libsqlite3.tbd</string>
			<key>path</key>
			<string>usr/lib/libsqlite3.tbd</string>
			<key>sourceTree</key>
			<string>SDKROOT</string>
		</dict>
		<key>A7393C53C4FF4C6994D2E2C3</key>
		<dict>
			<key>fileRef</key>
			<string>FC440A789EBD6E5678678B82</string>
			<key>isa</key>
			<string>PBXBuildFile</string>
		</dict>
		<key>AB3260AEF536546777E9951F</key>
		<dict>
			<key>fileRef</key>
			<string>F6DD5D47DE6CA49DDEF0BE32</string>
			<key>isa</key>
			<string>PBXBuildFile</string>
		</dict>
		<key>AE88241DC78F35DB90452FAD</key>
		<dict>
			<key>fileRef</key>
			<string>906DC263390A14EE878D44CE</string>
			<key>isa</key>
			<string>PBXBuildFile</string>
		</dict>
		<key>B5599C0A689EA16DF239E1C8</key>
		<dict>
			<key>fileEncoding</key>
			<string>4</string>
			<key>isa</key>
			<string>PBXFileReference</string>
			<key>lastKnownFileType</key>
			<string>wrapper.framework</string>
			<key>name</key>
			<string>AppCanEngine.framework</string>
			<key>path</key>
			<string>../../../AppCanPluginTools-iOS/resource/IDEPluginProjectPackageResource/AppCanEngine.framework</string>
			<key>sourceTree</key>
			<string>&lt;group&gt;</string>
		</dict>
		<key>BF861D58809A22C5DD4FFB9F</key>
		<dict>
			<key>fileRef</key>
			<string>752BA6A49F2CE8A3FBB6A403</string>
			<key>isa</key>
			<string>PBXBuildFile</string>
		</dict>
		<key>C1C1584270ECF4C8CCDCB273</key>
		<dict>
			<key>fileEncoding</key>
			<string>4</string>
			<key>isa</key>
			<string>PBXFileReference</string>
			<key>lastKnownFileType</key>
			<string>wrapper.framework</string>
			<key>name</key>
			<string>UIKit.framework</string>
			<key>path</key>
			<string>System/Library/Frameworks/UIKit.framework</string>
			<key>sourceTree</key>
			<string>SDKROOT</string>
		</dict>
		<key>C659AC491AE88DA300D885EB</key>
		<dict>
			<key>children</key>
			<array>
				<string>C659AC541AE88DA300D885EB</string>
				<string>6FACBDF262E9EACF25F6AF69</string>
				<string>F46BD9716D3404889C5804F1</string>
				<string>C659AC531AE88DA300D885EB</string>
			</array>
			<key>isa</key>
			<string>PBXGroup</string>
			<key>sourceTree</key>
			<string>&lt;group&gt;</string>
		</dict>
		<key>C659AC4A1AE88DA300D885EB</key>
		<dict>
			<key>attributes</key>
			<dict>
				<key>LastUpgradeCheck</key>
				<string>0620</string>
				<key>ORGANIZATIONNAME</key>
				<string>AppCan</string>
				<key>TargetAttributes</key>
				<dict>
					<key>C659AC511AE88DA300D885EB</key>
					<dict>
						<key>CreatedOnToolsVersion</key>
						<string>6.2</string>
					</dict>
				</dict>
			</dict>
			<key>buildConfigurationList</key>
			<string>C659AC4D1AE88DA300D885EB</string>
			<key>compatibilityVersion</key>
			<string>Xcode 3.2</string>
			<key>developmentRegion</key>
			<string>English</string>
			<key>hasScannedForEncodings</key>
			<string>0</string>
			<key>isa</key>
			<string>PBXProject</string>
			<key>knownRegions</key>
			<array>
				<string>en</string>
			</array>
			<key>mainGroup</key>
			<string>C659AC491AE88DA300D885EB</string>
			<key>productRefGroup</key>
			<string>C659AC531AE88DA300D885EB</string>
			<key>projectDirPath</key>
			<string></string>
			<key>projectRoot</key>
			<string></string>
			<key>targets</key>
			<array>
				<string>C659AC511AE88DA300D885EB</string>
			</array>
		</dict>
		<key>C659AC4D1AE88DA300D885EB</key>
		<dict>
			<key>buildConfigurations</key>
			<array>
				<string>C659AC641AE88DA300D885EB</string>
				<string>C659AC651AE88DA300D885EB</string>
			</array>
			<key>defaultConfigurationIsVisible</key>
			<string>0</string>
			<key>defaultConfigurationName</key>
			<string>Release</string>
			<key>isa</key>
			<string>XCConfigurationList</string>
		</dict>
		<key>C659AC4E1AE88DA300D885EB</key>
		<dict>
			<key>buildActionMask</key>
			<string>2147483647</string>
			<key>files</key>
			<array>
				<string>C659AC791AE88DEF00D885EB</string>
			</array>
			<key>isa</key>
			<string>PBXSourcesBuildPhase</string>
			<key>runOnlyForDeploymentPostprocessing</key>
			<string>0</string>
		</dict>
		<key>C659AC4F1AE88DA300D885EB</key>
		<dict>
			<key>buildActionMask</key>
			<string>2147483647</string>
			<key>files</key>
			<array>
				<string>0948BB3A1CFE880400063840</string>
				<string>C903BAABB8B5969E6261586E</string>
				<string>15C4F2C5EE183C5AB71306B8</string>
				<string>8568DF6F4625E48D6C6FB852</string>
				<string>A7393C53C4FF4C6994D2E2C3</string>
				<string>E4C2D32704586F90B43ABEAE</string>
				<string>43C7C960DF6E4FD6041C8200</string>
				<string>17434A46C9F2F1F44CF366C1</string>
				<string>E019C134D0FA7E7FC15C0537</string>
				<string>D9E962AF6FE48A8F80587F36</string>
				<string>E2D041BC9DCA2B3D2A0F2591</string>
				<string>FFACAE766692C1BFDDDBC893</string>
				<string>81F63B69B1F0DB29696AACA5</string>
				<string>85D05F7BC9191F7D72728A01</string>
				<string>AB3260AEF536546777E9951F</string>
				<string>4E3D61D1D2DB6A657E709769</string>
				<string>BF861D58809A22C5DD4FFB9F</string>
				<string>AE88241DC78F35DB90452FAD</string>
				<string>2C31BC815016E01C72DF1E7B</string>
				<string>29E1C59FBB309A95B2062821</string>
				<string>017D5F5E5968490032E085A7</string>
				<string>E369FD2B09FE779926EA10D6</string>
			</array>
			<key>isa</key>
			<string>PBXFrameworksBuildPhase</string>
			<key>runOnlyForDeploymentPostprocessing</key>
			<string>0</string>
		</dict>
		<key>C659AC501AE88DA300D885EB</key>
		<dict>
			<key>buildActionMask</key>
			<string>2147483647</string>
			<key>dstPath</key>
			<string></string>
			<key>dstSubfolderSpec</key>
			<string>16</string>
			<key>files</key>
			<array>
				<string>0948BB3B1CFE8BE800063840</string>
			</array>
			<key>isa</key>
			<string>PBXCopyFilesBuildPhase</string>
			<key>runOnlyForDeploymentPostprocessing</key>
			<string>0</string>
		</dict>
		<key>C659AC511AE88DA300D885EB</key>
		<dict>
			<key>buildConfigurationList</key>
			<string>C659AC661AE88DA300D885EB</string>
			<key>buildPhases</key>
			<array>
				<string>C659AC4E1AE88DA300D885EB</string>
				<string>C659AC4F1AE88DA300D885EB</string>
			</array>
			<key>buildRules</key>
			<array/>
			<key>dependencies</key>
			<array/>
			<key>isa</key>
			<string>PBXNativeTarget</string>
			<key>name</key>
			<string>EUExTestinCrash</string>
			<key>productName</key>
			<string>EUExTestinCrash</string>
			<key>productReference</key>
			<string>C659AC521AE88DA300D885EB</string>
			<key>productType</key>
			<string>com.apple.product-type.framework</string>
		</dict>
		<key>C659AC521AE88DA300D885EB</key>
		<dict>
			<key>explicitFileType</key>
			<string>archive.ar</string>
			<key>includeInIndex</key>
			<string>0</string>
			<key>isa</key>
			<string>PBXFileReference</string>
			<key>name</key>
			<string>uexTestinCrash.framework</string>
			<key>path</key>
			<string>uexTestinCrash.framework</string>
			<key>sourceTree</key>
			<string>BUILT_PRODUCTS_DIR</string>
		</dict>
		<key>C659AC531AE88DA300D885EB</key>
		<dict>
			<key>children</key>
			<array>
				<string>C659AC521AE88DA300D885EB</string>
			</array>
			<key>isa</key>
			<string>PBXGroup</string>
			<key>name</key>
			<string>Products</string>
			<key>sourceTree</key>
			<string>&lt;group&gt;</string>
		</dict>
		<key>C659AC541AE88DA300D885EB</key>
		<dict>
			<key>children</key>
			<array>
				<string>C6A05EFA1AE891B700AD644F</string>
				<string>C659AC6C1AE88DEF00D885EB</string>
				<string>C659AC6D1AE88DEF00D885EB</string>
				<string>C659AC6E1AE88DEF00D885EB</string>
			</array>
			<key>isa</key>
			<string>PBXGroup</string>
			<key>path</key>
			<string>EUExTestinCrash</string>
			<key>sourceTree</key>
			<string>&lt;group&gt;</string>
		</dict>
		<key>C659AC641AE88DA300D885EB</key>
		<dict>
			<key>buildSettings</key>
			<dict>
				<key>ALWAYS_SEARCH_USER_PATHS</key>
				<string>NO</string>
				<key>CLANG_CXX_LANGUAGE_STANDARD</key>
				<string>gnu++0x</string>
				<key>CLANG_CXX_LIBRARY</key>
				<string>libc++</string>
				<key>CLANG_ENABLE_MODULES</key>
				<string>YES</string>
				<key>CLANG_ENABLE_OBJC_ARC</key>
				<string>YES</string>
				<key>CLANG_WARN_BOOL_CONVERSION</key>
				<string>YES</string>
				<key>CLANG_WARN_CONSTANT_CONVERSION</key>
				<string>YES</string>
				<key>CLANG_WARN_DIRECT_OBJC_ISA_USAGE</key>
				<string>YES_ERROR</string>
				<key>CLANG_WARN_EMPTY_BODY</key>
				<string>YES</string>
				<key>CLANG_WARN_ENUM_CONVERSION</key>
				<string>YES</string>
				<key>CLANG_WARN_INT_CONVERSION</key>
				<string>YES</string>
				<key>CLANG_WARN_OBJC_ROOT_CLASS</key>
				<string>YES_ERROR</string>
				<key>CLANG_WARN_UNREACHABLE_CODE</key>
				<string>YES</string>
				<key>CLANG_WARN__DUPLICATE_METHOD_MATCH</key>
				<string>YES</string>
				<key>COPY_PHASE_STRIP</key>
				<string>NO</string>
				<key>DEBUG_INFORMATION_FORMAT</key>
				<string>dwarf</string>
				<key>ENABLE_STRICT_OBJC_MSGSEND</key>
				<string>YES</string>
				<key>GCC_C_LANGUAGE_STANDARD</key>
				<string>gnu99</string>
				<key>GCC_DYNAMIC_NO_PIC</key>
				<string>NO</string>
				<key>GCC_OPTIMIZATION_LEVEL</key>
				<string>0</string>
				<key>GCC_PREPROCESSOR_DEFINITIONS</key>
				<array>
					<string>DEBUG=1</string>
					<string>$(inherited)</string>
				</array>
				<key>GCC_SYMBOLS_PRIVATE_EXTERN</key>
				<string>NO</string>
				<key>GCC_WARN_64_TO_32_BIT_CONVERSION</key>
				<string>YES</string>
				<key>GCC_WARN_ABOUT_RETURN_TYPE</key>
				<string>YES_ERROR</string>
				<key>GCC_WARN_UNDECLARED_SELECTOR</key>
				<string>YES</string>
				<key>GCC_WARN_UNINITIALIZED_AUTOS</key>
				<string>YES_AGGRESSIVE</string>
				<key>GCC_WARN_UNUSED_FUNCTION</key>
				<string>YES</string>
				<key>GCC_WARN_UNUSED_VARIABLE</key>
				<string>YES</string>
				<key>IPHONEOS_DEPLOYMENT_TARGET</key>
				<string>8.0</string>
				<key>MTL_ENABLE_DEBUG_INFO</key>
				<string>YES</string>
				<key>ONLY_ACTIVE_ARCH</key>
				<string>YES</string>
				<key>SDKROOT</key>
				<string>iphoneos</string>
				<key>TARGETED_DEVICE_FAMILY</key>
				<string>1,2</string>
			</dict>
			<key>isa</key>
			<string>XCBuildConfiguration</string>
			<key>name</key>
			<string>Debug</string>
		</dict>
		<key>C659AC651AE88DA300D885EB</key>
		<dict>
			<key>buildSettings</key>
			<dict>
				<key>ALWAYS_SEARCH_USER_PATHS</key>
				<string>NO</string>
				<key>CLANG_CXX_LANGUAGE_STANDARD</key>
				<string>gnu++0x</string>
				<key>CLANG_CXX_LIBRARY</key>
				<string>libc++</string>
				<key>CLANG_ENABLE_MODULES</key>
				<string>YES</string>
				<key>CLANG_ENABLE_OBJC_ARC</key>
				<string>YES</string>
				<key>CLANG_WARN_BOOL_CONVERSION</key>
				<string>YES</string>
				<key>CLANG_WARN_CONSTANT_CONVERSION</key>
				<string>YES</string>
				<key>CLANG_WARN_DIRECT_OBJC_ISA_USAGE</key>
				<string>YES_ERROR</string>
				<key>CLANG_WARN_EMPTY_BODY</key>
				<string>YES</string>
				<key>CLANG_WARN_ENUM_CONVERSION</key>
				<string>YES</string>
				<key>CLANG_WARN_INT_CONVERSION</key>
				<string>YES</string>
				<key>CLANG_WARN_OBJC_ROOT_CLASS</key>
				<string>YES_ERROR</string>
				<key>CLANG_WARN_UNREACHABLE_CODE</key>
				<string>YES</string>
				<key>CLANG_WARN__DUPLICATE_METHOD_MATCH</key>
				<string>YES</string>
				<key>COPY_PHASE_STRIP</key>
				<string>NO</string>
				<key>DEBUG_INFORMATION_FORMAT</key>
				<string>dwarf</string>
				<key>ENABLE_NS_ASSERTIONS</key>
				<string>NO</string>
				<key>ENABLE_STRICT_OBJC_MSGSEND</key>
				<string>YES</string>
				<key>GCC_C_LANGUAGE_STANDARD</key>
				<string>gnu99</string>
				<key>GCC_WARN_64_TO_32_BIT_CONVERSION</key>
				<string>YES</string>
				<key>GCC_WARN_ABOUT_RETURN_TYPE</key>
				<string>YES_ERROR</string>
				<key>GCC_WARN_UNDECLARED_SELECTOR</key>
				<string>YES</string>
				<key>GCC_WARN_UNINITIALIZED_AUTOS</key>
				<string>YES_AGGRESSIVE</string>
				<key>GCC_WARN_UNUSED_FUNCTION</key>
				<string>YES</string>
				<key>GCC_WARN_UNUSED_VARIABLE</key>
				<string>YES</string>
				<key>IPHONEOS_DEPLOYMENT_TARGET</key>
				<string>8.0</string>
				<key>MTL_ENABLE_DEBUG_INFO</key>
				<string>NO</string>
				<key>SDKROOT</key>
				<string>iphoneos</string>
				<key>TARGETED_DEVICE_FAMILY</key>
				<string>1,2</string>
				<key>VALIDATE_PRODUCT</key>
				<string>YES</string>
			</dict>
			<key>isa</key>
			<string>XCBuildConfiguration</string>
			<key>name</key>
			<string>Release</string>
		</dict>
		<key>C659AC661AE88DA300D885EB</key>
		<dict>
			<key>buildConfigurations</key>
			<array>
				<string>C659AC671AE88DA300D885EB</string>
				<string>C659AC681AE88DA300D885EB</string>
			</array>
			<key>defaultConfigurationIsVisible</key>
			<string>0</string>
			<key>defaultConfigurationName</key>
			<string>Release</string>
			<key>isa</key>
			<string>XCConfigurationList</string>
		</dict>
		<key>C659AC671AE88DA300D885EB</key>
		<dict>
			<key>buildSettings</key>
			<dict>
				<key>BUNDLE_IDENTIFIER</key>
				<string>com.zywx.runner</string>
				<key>CLANG_ENABLE_OBJC_ARC</key>
				<string>NO</string>
				<key>CONFIGURATION_BUILD_DIR</key>
				<string>$(SRCROOT)/uexTestinCrash/IDE/</string>
				<key>DEBUG_INFORMATION_FORMAT</key>
				<string>dwarf</string>
				<key>DEFINES_MODULE</key>
				<string>YES</string>
				<key>DYLIB_COMPATIBILITY_VERSION</key>
				<string>1</string>
				<key>DYLIB_CURRENT_VERSION</key>
				<string>1</string>
				<key>DYLIB_INSTALL_NAME_BASE</key>
				<string>@rpath</string>
				<key>ENABLE_BITCODE</key>
				<string>NO</string>
				<key>FRAMEWORK_SEARCH_PATHS</key>
				<array>
					<string>$(inherited)</string>
					<string>$(PROJECT_DIR)/EUExTestinCrash/sourceCode</string>
					<string>$(PROJECT_DIR)</string>
					<string>$(SRCROOT)/../../AppCanPluginTools-iOS/resource/IDEPluginProjectPackageResource</string>
				</array>
				<key>HEADER_SEARCH_PATHS</key>
				<array>
					<string>$(SRCROOT)/../../AppCanPluginTools-iOS/resource/IDEPluginProjectPackageResource</string>
				</array>
				<key>INFOPLIST_FILE</key>
				<string>$(SRCROOT)/../../AppCanPluginTools-iOS/resource/IDEPluginProjectPackageResource/info.plist</string>
				<key>INSTALL_PATH</key>
				<string>$(LOCAL_LIBRARY_DIR)/Frameworks</string>
				<key>IPHONEOS_DEPLOYMENT_TARGET</key>
				<string>8.0</string>
				<key>LD_RUNPATH_SEARCH_PATHS</key>
				<array>
					<string>$(inherited)</string>
					<string>@executable_path/Frameworks</string>
					<string>@executable_path</string>
					<string>@loader_path/Frameworks</string>
					<string>@loader_path</string>
				</array>
				<key>LIBRARY_SEARCH_PATHS</key>
				<array>
					<string>$(inherited)</string>
					<string>$(SRCROOT)/../../AppCanPluginTools-iOS/resource/IDEPluginProjectPackageResource</string>
				</array>
				<key>OTHER_LDFLAGS</key>
				<array>
					<string>-ObjC</string>
					<string>$(SRCROOT)/../../AppCanPluginTools-iOS/resource/IDEPluginProjectPackageResource/AppCanKit.framework/AppCanKit</string>
				</array>
				<key>PRODUCT_MODULE_NAME</key>
				<string>uexTestinCrash</string>
				<key>PRODUCT_NAME</key>
				<string>uexTestinCrash</string>
				<key>PROVISIONING_PROFILE</key>
				<string>3046553f-5c0d-4f94-8f3c-dd49ce267880</string>
				<key>SKIP_INSTALL</key>
				<string>YES</string>
			</dict>
			<key>isa</key>
			<string>XCBuildConfiguration</string>
			<key>name</key>
			<string>Debug</string>
		</dict>
		<key>C659AC681AE88DA300D885EB</key>
		<dict>
			<key>buildSettings</key>
			<dict>
				<key>BUNDLE_IDENTIFIER</key>
				<string>com.zywx.runner</string>
				<key>CLANG_ENABLE_OBJC_ARC</key>
				<string>NO</string>
				<key>CONFIGURATION_BUILD_DIR</key>
				<string>$(SRCROOT)/uexTestinCrash/IDE/</string>
				<key>DEBUG_INFORMATION_FORMAT</key>
				<string>dwarf</string>
				<key>DEFINES_MODULE</key>
				<string>YES</string>
				<key>DYLIB_COMPATIBILITY_VERSION</key>
				<string>1</string>
				<key>DYLIB_CURRENT_VERSION</key>
				<string>1</string>
				<key>DYLIB_INSTALL_NAME_BASE</key>
				<string>@rpath</string>
				<key>ENABLE_BITCODE</key>
				<string>NO</string>
				<key>FRAMEWORK_SEARCH_PATHS</key>
				<array>
					<string>$(inherited)</string>
					<string>$(PROJECT_DIR)/EUExTestinCrash/sourceCode</string>
					<string>$(PROJECT_DIR)</string>
					<string>$(SRCROOT)/../../AppCanPluginTools-iOS/resource/IDEPluginProjectPackageResource</string>
				</array>
				<key>HEADER_SEARCH_PATHS</key>
				<array>
					<string>$(SRCROOT)/../../AppCanPluginTools-iOS/resource/IDEPluginProjectPackageResource</string>
				</array>
				<key>INFOPLIST_FILE</key>
				<string>$(SRCROOT)/../../AppCanPluginTools-iOS/resource/IDEPluginProjectPackageResource/info.plist</string>
				<key>INSTALL_PATH</key>
				<string>$(LOCAL_LIBRARY_DIR)/Frameworks</string>
				<key>IPHONEOS_DEPLOYMENT_TARGET</key>
				<string>8.0</string>
				<key>LD_RUNPATH_SEARCH_PATHS</key>
				<array>
					<string>$(inherited)</string>
					<string>@executable_path/Frameworks</string>
					<string>@executable_path</string>
					<string>@loader_path/Frameworks</string>
					<string>@loader_path</string>
				</array>
				<key>LIBRARY_SEARCH_PATHS</key>
				<array>
					<string>$(inherited)</string>
					<string>$(SRCROOT)/../../AppCanPluginTools-iOS/resource/IDEPluginProjectPackageResource</string>
				</array>
				<key>OTHER_LDFLAGS</key>
				<array>
					<string>-ObjC</string>
					<string>$(SRCROOT)/../../AppCanPluginTools-iOS/resource/IDEPluginProjectPackageResource/AppCanKit.framework/AppCanKit</string>
				</array>
				<key>PRODUCT_MODULE_NAME</key>
				<string>uexTestinCrash</string>
				<key>PRODUCT_NAME</key>
				<string>uexTestinCrash</string>
				<key>PROVISIONING_PROFILE</key>
				<string>3046553f-5c0d-4f94-8f3c-dd49ce267880</string>
				<key>SKIP_INSTALL</key>
				<string>YES</string>
			</dict>
			<key>isa</key>
			<string>XCBuildConfiguration</string>
			<key>name</key>
			<string>Release</string>
		</dict>
		<key>C659AC6C1AE88DEF00D885EB</key>
		<dict>
			<key>fileEncoding</key>
			<string>4</string>
			<key>isa</key>
			<string>PBXFileReference</string>
			<key>lastKnownFileType</key>
			<string>sourcecode.c.h</string>
			<key>path</key>
			<string>EUExTestinCrash.h</string>
			<key>sourceTree</key>
			<string>&lt;group&gt;</string>
		</dict>
		<key>C659AC6D1AE88DEF00D885EB</key>
		<dict>
			<key>fileEncoding</key>
			<string>4</string>
			<key>isa</key>
			<string>PBXFileReference</string>
			<key>lastKnownFileType</key>
			<string>sourcecode.c.objc</string>
			<key>path</key>
			<string>EUExTestinCrash.m</string>
			<key>sourceTree</key>
			<string>&lt;group&gt;</string>
		</dict>
		<key>C659AC6E1AE88DEF00D885EB</key>
		<dict>
			<key>children</key>
			<array>
				<string>21A179BD1D61ABD800E86E68</string>
				<string>0948BB391CFE880400063840</string>
			</array>
			<key>isa</key>
			<string>PBXGroup</string>
			<key>path</key>
			<string>sourceCode</string>
			<key>sourceTree</key>
			<string>&lt;group&gt;</string>
		</dict>
		<key>C659AC791AE88DEF00D885EB</key>
		<dict>
			<key>fileRef</key>
			<string>C659AC6D1AE88DEF00D885EB</string>
			<key>isa</key>
			<string>PBXBuildFile</string>
		</dict>
		<key>C6A05EFA1AE891B700AD644F</key>
		<dict>
			<key>children</key>
			<array>
				<string>C6A05EFC1AE891B700AD644F</string>
				<string>C6A05EFD1AE891B700AD644F</string>
				<string>C6A05EFE1AE891B700AD644F</string>
			</array>
			<key>isa</key>
			<string>PBXGroup</string>
			<key>path</key>
			<string>engineHeader</string>
			<key>sourceTree</key>
			<string>&lt;group&gt;</string>
		</dict>
		<key>C6A05EFC1AE891B700AD644F</key>
		<dict>
			<key>fileEncoding</key>
			<string>4</string>
			<key>isa</key>
			<string>PBXFileReference</string>
			<key>lastKnownFileType</key>
			<string>sourcecode.c.h</string>
			<key>path</key>
			<string>EUExBaseDefine.h</string>
			<key>sourceTree</key>
			<string>&lt;group&gt;</string>
		</dict>
		<key>C6A05EFD1AE891B700AD644F</key>
		<dict>
			<key>fileEncoding</key>
			<string>4</string>
			<key>isa</key>
			<string>PBXFileReference</string>
			<key>lastKnownFileType</key>
			<string>sourcecode.c.h</string>
			<key>path</key>
			<string>EUtility.h</string>
			<key>sourceTree</key>
			<string>&lt;group&gt;</string>
		</dict>
		<key>C6A05EFE1AE891B700AD644F</key>
		<dict>
			<key>fileEncoding</key>
			<string>4</string>
			<key>isa</key>
			<string>PBXFileReference</string>
			<key>lastKnownFileType</key>
			<string>sourcecode.c.h</string>
			<key>path</key>
			<string>WidgetOneDelegate.h</string>
			<key>sourceTree</key>
			<string>&lt;group&gt;</string>
		</dict>
		<key>C885DBF7770B6E53D5B9897C</key>
		<dict>
			<key>fileEncoding</key>
			<string>4</string>
			<key>isa</key>
			<string>PBXFileReference</string>
			<key>lastKnownFileType</key>
			<string>wrapper.framework</string>
			<key>name</key>
			<string>MobileCoreServices.framework</string>
			<key>path</key>
			<string>System/Library/Frameworks/MobileCoreServices.framework</string>
			<key>sourceTree</key>
			<string>SDKROOT</string>
		</dict>
		<key>C903BAABB8B5969E6261586E</key>
		<dict>
			<key>fileRef</key>
			<string>13E5839EA3B70AD6E22D6A6E</string>
			<key>isa</key>
			<string>PBXBuildFile</string>
		</dict>
		<key>CA046B21F8C2B5CD00872D61</key>
		<dict>
			<key>fileEncoding</key>
			<string>4</string>
			<key>isa</key>
			<string>PBXFileReference</string>
			<key>lastKnownFileType</key>
			<string>wrapper.framework</string>
			<key>name</key>
			<string>CoreImage.framework</string>
			<key>path</key>
			<string>System/Library/Frameworks/CoreImage.framework</string>
			<key>sourceTree</key>
			<string>SDKROOT</string>
		</dict>
		<key>D9E962AF6FE48A8F80587F36</key>
		<dict>
			<key>fileRef</key>
			<string>4CCEC8A463AE4CB04FE112E9</string>
			<key>isa</key>
			<string>PBXBuildFile</string>
		</dict>
		<key>DAA480C5A3C3DFBA6F00F295</key>
		<dict>
			<key>fileEncoding</key>
			<string>4</string>
			<key>isa</key>
			<string>PBXFileReference</string>
			<key>lastKnownFileType</key>
			<string>wrapper.framework</string>
			<key>name</key>
			<string>CoreGraphics.framework</string>
			<key>path</key>
			<string>System/Library/Frameworks/CoreGraphics.framework</string>
			<key>sourceTree</key>
			<string>SDKROOT</string>
		</dict>
		<key>DACF6FA5F57F4C5E8AEC6F6D</key>
		<dict>
			<key>fileEncoding</key>
			<string>4</string>
			<key>isa</key>
			<string>PBXFileReference</string>
			<key>lastKnownFileType</key>
			<string>wrapper.framework</string>
			<key>name</key>
			<string>SystemConfiguration.framework</string>
			<key>path</key>
			<string>System/Library/Frameworks/SystemConfiguration.framework</string>
			<key>sourceTree</key>
			<string>SDKROOT</string>
		</dict>
		<key>E019C134D0FA7E7FC15C0537</key>
		<dict>
			<key>fileRef</key>
			<string>DAA480C5A3C3DFBA6F00F295</string>
			<key>isa</key>
			<string>PBXBuildFile</string>
		</dict>
		<key>E17D59A6BD1B316F1C115EA5</key>
		<dict>
			<key>fileEncoding</key>
			<string>4</string>
			<key>isa</key>
			<string>PBXFileReference</string>
			<key>lastKnownFileType</key>
			<string>wrapper.framework</string>
			<key>name</key>
			<string>MessageUI.framework</string>
			<key>path</key>
			<string>System/Library/Frameworks/MessageUI.framework</string>
			<key>sourceTree</key>
			<string>SDKROOT</string>
		</dict>
		<key>E2D041BC9DCA2B3D2A0F2591</key>
		<dict>
			<key>fileRef</key>
			<string>CA046B21F8C2B5CD00872D61</string>
			<key>isa</key>
			<string>PBXBuildFile</string>
		</dict>
		<key>E369FD2B09FE779926EA10D6</key>
		<dict>
			<key>fileRef</key>
			<string>B5599C0A689EA16DF239E1C8</string>
			<key>isa</key>
			<string>PBXBuildFile</string>
		</dict>
		<key>E4C2D32704586F90B43ABEAE</key>
		<dict>
			<key>fileRef</key>
			<string>2294542F3C38CF92F5305C76</string>
			<key>isa</key>
			<string>PBXBuildFile</string>
		</dict>
		<key>F46BD9716D3404889C5804F1</key>
		<dict>
			<key>children</key>
			<array>
				<string>B5599C0A689EA16DF239E1C8</string>
				<string>348A13496C9D60687223CD8E</string>
			</array>
			<key>isa</key>
			<string>PBXGroup</string>
			<key>path</key>
			<string>AppCanEngine</string>
			<key>sourceTree</key>
			<string>&lt;group&gt;</string>
		</dict>
		<key>F6DD5D47DE6CA49DDEF0BE32</key>
		<dict>
			<key>fileEncoding</key>
			<string>4</string>
			<key>isa</key>
			<string>PBXFileReference</string>
			<key>lastKnownFileType</key>
			<string>wrapper.framework</string>
			<key>name</key>
			<string>AVFoundation.framework</string>
			<key>path</key>
			<string>System/Library/Frameworks/AVFoundation.framework</string>
			<key>sourceTree</key>
			<string>SDKROOT</string>
		</dict>
		<key>FC440A789EBD6E5678678B82</key>
		<dict>
			<key>fileEncoding</key>
			<string>4</string>
			<key>isa</key>
			<string>PBXFileReference</string>
			<key>lastKnownFileType</key>
			<string>wrapper.framework</string>
			<key>name</key>
			<string>ImageIO.framework</string>
			<key>path</key>
			<string>System/Library/Frameworks/ImageIO.framework</string>
			<key>sourceTree</key>
			<string>SDKROOT</string>
		</dict>
		<key>FFACAE766692C1BFDDDBC893</key>
		<dict>
			<key>fileRef</key>
			<string>82D64B1FF522FB4AF90CD0F6</string>
			<key>isa</key>
			<string>PBXBuildFile</string>
		</dict>
	</dict>
	<key>rootObject</key>
	<string>C659AC4A1AE88DA300D885EB</string>
</dict>
</plist>
